
Microsoft Visual Studio Solution File, Format Version 12.00
# Visual Studio Version 16
VisualStudioVersion = 16.0.30104.148
MinimumVisualStudioVersion = 10.0.40219.1
Project("{FAE04EC0-301F-11D3-BF4B-00C04F79EFBC}") = "BooksDemo", "BooksDemo\BooksDemo.csproj", "{F642256D-4E93-4DDC-A67C-BA9F0EE12ED0}"
EndProject
Project("{FAE04EC0-301F-11D3-BF4B-00C04F79EFBC}") = "PaymentsDemo", "PaymentsDemo\PaymentsDemo.csproj", "{E8B28C63-D064-42AA-9782-9C4B9AFBEE1B}"
EndProject
Project("{FAE04EC0-301F-11D3-BF4B-00C04F79EFBC}") = "Formula1Demo", "Formula1Demo\Formula1Demo.csproj", "{7A72AFB0-3420-4681-88A8-E64E605228A2}"
EndProject
Project("{FAE04EC0-301F-11D3-BF4B-00C04F79EFBC}") = "QueryDemo", "QueryDemo\QueryDemo.csproj", "{5E79ECF9-6823-4C1B-9DB4-24D55D2872FF}"
EndProject
Project("{FAE04EC0-301F-11D3-BF4B-00C04F79EFBC}") = "POCODemo", "POCODemo\POCODemo.csproj", "{15FFCE39-47AA-40B7-B0EA-674C7ADD1CD9}"
EndProject
Project("{FAE04EC0-301F-11D3-BF4B-00C04F79EFBC}") = "CodeFirstDemo", "CodeFirstDemo\CodeFirstDemo.csproj", "{6BE2D934-E2D6-4566-BF14-C791B47E0FE8}"
EndProject
Global
	GlobalSection(SolutionConfigurationPlatforms) = preSolution
		Debug|Any CPU = Debug|Any CPU
		Release|Any CPU = Release|Any CPU
	EndGlobalSection
	GlobalSection(ProjectConfigurationPlatforms) = postSolution
		{F642256D-4E93-4DDC-A67C-BA9F0EE12ED0}.Debug|Any CPU.ActiveCfg = Debug|Any CPU
		{F642256D-4E93-4DDC-A67C-BA9F0EE12ED0}.Debug|Any CPU.Build.0 = Debug|Any CPU
		{F642256D-4E93-4DDC-A67C-BA9F0EE12ED0}.Release|Any CPU.ActiveCfg = Release|Any CPU
		{F642256D-4E93-4DDC-A67C-BA9F0EE12ED0}.Release|Any CPU.Build.0 = Release|Any CPU
		{E8B28C63-D064-42AA-9782-9C4B9AFBEE1B}.Debug|Any CPU.ActiveCfg = Debug|Any CPU
		{E8B28C63-D064-42AA-9782-9C4B9AFBEE1B}.Debug|Any CPU.Build.0 = Debug|Any CPU
		{E8B28C63-D064-42AA-9782-9C4B9AFBEE1B}.Release|Any CPU.ActiveCfg = Release|Any CPU
		{E8B28C63-D064-42AA-9782-9C4B9AFBEE1B}.Release|Any CPU.Build.0 = Release|Any CPU
		{7A72AFB0-3420-4681-88A8-E64E605228A2}.Debug|Any CPU.ActiveCfg = Debug|Any CPU
		{7A72AFB0-3420-4681-88A8-E64E605228A2}.Debug|Any CPU.Build.0 = Debug|Any CPU
		{7A72AFB0-3420-4681-88A8-E64E605228A2}.Release|Any CPU.ActiveCfg = Release|Any CPU
		{7A72AFB0-3420-4681-88A8-E64E605228A2}.Release|Any CPU.Build.0 = Release|Any CPU
		{5E79ECF9-6823-4C1B-9DB4-24D55D2872FF}.Debug|Any CPU.ActiveCfg = Debug|Any CPU
		{5E79ECF9-6823-4C1B-9DB4-24D55D2872FF}.Debug|Any CPU.Build.0 = Debug|Any CPU
		{5E79ECF9-6823-4C1B-9DB4-24D55D2872FF}.Release|Any CPU.ActiveCfg = Release|Any CPU
		{5E79ECF9-6823-4C1B-9DB4-24D55D2872FF}.Release|Any CPU.Build.0 = Release|Any CPU
		{15FFCE39-47AA-40B7-B0EA-674C7ADD1CD9}.Debug|Any CPU.ActiveCfg = Debug|Any CPU
		{15FFCE39-47AA-40B7-B0EA-674C7ADD1CD9}.Debug|Any CPU.Build.0 = Debug|Any CPU
		{15FFCE39-47AA-40B7-B0EA-674C7ADD1CD9}.Release|Any CPU.ActiveCfg = Release|Any CPU
		{15FFCE39-47AA-40B7-B0EA-674C7ADD1CD9}.Release|Any CPU.Build.0 = Release|Any CPU
		{6BE2D934-E2D6-4566-BF14-C791B47E0FE8}.Debug|Any CPU.ActiveCfg = Debug|Any CPU
		{6BE2D934-E2D6-4566-BF14-C791B47E0FE8}.Debug|Any CPU.Build.0 = Debug|Any CPU
		{6BE2D934-E2D6-4566-BF14-C791B47E0FE8}.Release|Any CPU.ActiveCfg = Release|Any CPU
		{6BE2D934-E2D6-4566-BF14-C791B47E0FE8}.Release|Any CPU.Build.0 = Release|Any CPU
	EndGlobalSection
	GlobalSection(SolutionProperties) = preSolution
		HideSolutionNode = FALSE
	EndGlobalSection
	GlobalSection(ExtensibilityGlobals) = postSolution
		SolutionGuid = {1FAB214F-6F60-464D-8607-CBD651B238C7}
	EndGlobalSection
EndGlobal
